<?xml version="1.0" encoding="utf-8"?>
<Project ToolsVersion="4.0" xmlns="http://schemas.microsoft.com/developer/msbuild/2003">
  <ItemGroup>
    <Filter Include="Source Files">
      <UniqueIdentifier>{4FC737F1-C7A5-4376-A066-2A32D752A2FF}</UniqueIdentifier>
      <Extensions>cpp;c;cc;cxx;c++;cppm;ixx;def;odl;idl;hpj;bat;asm;asmx</Extensions>
    </Filter>
    <Filter Include="Header Files">
      <UniqueIdentifier>{93995380-89BD-4b04-88EB-625FBE52EBFB}</UniqueIdentifier>
      <Extensions>h;hh;hpp;hxx;h++;hm;inl;inc;ipp;xsd</Extensions>
    </Filter>
    <Filter Include="Resource Files">
      <UniqueIdentifier>{67DA6AB6-F800-4c08-8B7A-83BB121AAD01}</UniqueIdentifier>
      <Extensions>rc;ico;cur;bmp;dlg;rc2;rct;bin;rgs;gif;jpg;jpeg;jpe;resx;tiff;tif;png;wav;mfcribbon-ms</Extensions>
    </Filter>
    <Filter Include="View">
      <UniqueIdentifier>{e1938de4-df47-4258-af43-52b1c75bde08}</UniqueIdentifier>
    </Filter>
    <Filter Include="Controller">
      <UniqueIdentifier>{28f5c0d8-341e-48c1-b1a8-2df308f5eebe}</UniqueIdentifier>
    </Filter>
    <Filter Include="Controller\Controller">
      <UniqueIdentifier>{719b8c27-25c0-4ad6-b5c7-30ab58f65808}</UniqueIdentifier>
    </Filter>
    <Filter Include="Controller\Commands">
      <UniqueIdentifier>{72f1ee69-a839-4a26-a9aa-d377cac30c21}</UniqueIdentifier>
    </Filter>
    <Filter Include="Other">
      <UniqueIdentifier>{cebd686a-6489-4886-8bb0-f21bbb4745d6}</UniqueIdentifier>
    </Filter>
    <Filter Include="View\Texture">
      <UniqueIdentifier>{fb75db20-021b-4dd8-ac89-64a70511ca64}</UniqueIdentifier>
    </Filter>
    <Filter Include="App">
      <UniqueIdentifier>{11bb8fa3-50ef-4d9b-b681-956fdd39983e}</UniqueIdentifier>
    </Filter>
    <Filter Include="Listeners">
      <UniqueIdentifier>{9095b4bc-e80f-4806-9b1d-70a4286d550c}</UniqueIdentifier>
    </Filter>
    <Filter Include="Publisher">
      <UniqueIdentifier>{769ec159-d059-4dda-a341-3e534864de0a}</UniqueIdentifier>
    </Filter>
    <Filter Include="Controller\PlayerController">
      <UniqueIdentifier>{87fb1455-116e-4900-aa0c-b1efbc11a81e}</UniqueIdentifier>
    </Filter>
    <Filter Include="Controller\BallController">
      <UniqueIdentifier>{78f00f93-59ff-4c74-b181-0a130a0e6be6}</UniqueIdentifier>
    </Filter>
    <Filter Include="Controller\EnemyController">
      <UniqueIdentifier>{ee2fa424-1866-4737-8c6e-eef9bcdc6b9f}</UniqueIdentifier>
    </Filter>
    <Filter Include="Enums">
      <UniqueIdentifier>{f3d58cbe-0ed7-4ca3-8f73-e51a2ded9e48}</UniqueIdentifier>
    </Filter>
    <Filter Include="Models">
      <UniqueIdentifier>{961e1715-c59f-4875-a0ec-67d246e1ce32}</UniqueIdentifier>
    </Filter>
    <Filter Include="Models\Scenes">
      <UniqueIdentifier>{3f1c1a66-2c3a-46aa-bfd0-4193f3752ed1}</UniqueIdentifier>
    </Filter>
    <Filter Include="Models\GameBoard">
      <UniqueIdentifier>{81a593e5-3a9f-479a-a29e-b4394795dcc3}</UniqueIdentifier>
    </Filter>
    <Filter Include="Models\GameObjects">
      <UniqueIdentifier>{6106e6f9-d90b-4749-8689-4554f3d95fe8}</UniqueIdentifier>
    </Filter>
    <Filter Include="Models\GameObjects\Paddle">
      <UniqueIdentifier>{e620f2d8-8ef6-46c5-abc7-28cb24a327df}</UniqueIdentifier>
    </Filter>
    <Filter Include="Models\GameObjects\Ball">
      <UniqueIdentifier>{dcea6728-0b71-443b-be1d-e0e6741b71d6}</UniqueIdentifier>
    </Filter>
    <Filter Include="Models\EventPublisher">
      <UniqueIdentifier>{390c544d-ad29-47d5-b0e3-ce07110c3f00}</UniqueIdentifier>
    </Filter>
    <Filter Include="Controller\WindowController">
      <UniqueIdentifier>{00937e06-2f06-4523-819a-0fcd3b1ce9b9}</UniqueIdentifier>
    </Filter>
    <Filter Include="Models\Window">
      <UniqueIdentifier>{ba1f572e-befe-4417-8976-c95326bac2fe}</UniqueIdentifier>
    </Filter>
    <Filter Include="Controller\PlayGameController">
      <UniqueIdentifier>{3c6677b2-1e8f-4f08-8c41-1a9b24d45ed5}</UniqueIdentifier>
    </Filter>
    <Filter Include="Timer">
      <UniqueIdentifier>{c43f5d7a-d6d2-466c-bd96-a67c4ef25d0a}</UniqueIdentifier>
    </Filter>
  </ItemGroup>
  <ItemGroup>
    <ClCompile Include="Scene.cpp">
      <Filter>Models\Scenes</Filter>
    </ClCompile>
    <ClCompile Include="Surface.cpp">
      <Filter>Other</Filter>
    </ClCompile>
    <ClCompile Include="Application.cpp">
      <Filter>App</Filter>
    </ClCompile>
    <ClCompile Include="GameObject.cpp">
      <Filter>Models\GameObjects</Filter>
    </ClCompile>
    <ClCompile Include="PlayGameScene.cpp">
      <Filter>Models\Scenes</Filter>
    </ClCompile>
    <ClCompile Include="GameBoard.cpp">
      <Filter>Models\GameBoard</Filter>
    </ClCompile>
    <ClCompile Include="Texture.cpp">
      <Filter>View\Texture</Filter>
    </ClCompile>
    <ClCompile Include="Paddle.cpp">
      <Filter>Models\GameObjects\Paddle</Filter>
    </ClCompile>
    <ClCompile Include="main.cpp">
      <Filter>Source Files</Filter>
    </ClCompile>
    <ClCompile Include="Ball.cpp">
      <Filter>Models\GameObjects\Ball</Filter>
    </ClCompile>
    <ClCompile Include="Publisher.cpp">
      <Filter>Publisher</Filter>
    </ClCompile>
    <ClCompile Include="PlayerController.cpp">
      <Filter>Controller\PlayerController</Filter>
    </ClCompile>
    <ClCompile Include="BallController.cpp">
      <Filter>Controller\BallController</Filter>
    </ClCompile>
    <ClCompile Include="Listener.cpp">
      <Filter>Listeners</Filter>
    </ClCompile>
    <ClCompile Include="Mediator.cpp">
      <Filter>Source Files</Filter>
    </ClCompile>
    <ClCompile Include="GameComponent.cpp">
      <Filter>Source Files</Filter>
    </ClCompile>
    <ClCompile Include="EnemyController.cpp">
      <Filter>Controller\EnemyController</Filter>
    </ClCompile>
    <ClCompile Include="Collider.cpp">
      <Filter>Source Files</Filter>
    </ClCompile>
    <ClCompile Include="EventCatcher.cpp">
      <Filter>Models\EventPublisher</Filter>
    </ClCompile>
    <ClCompile Include="WindowController.cpp">
      <Filter>Controller\WindowController</Filter>
    </ClCompile>
    <ClCompile Include="Window.cpp">
      <Filter>Models\Window</Filter>
    </ClCompile>
    <ClCompile Include="PlaySceneController.cpp">
      <Filter>Controller\PlayGameController</Filter>
    </ClCompile>
    <ClCompile Include="Timer.cpp">
      <Filter>Timer</Filter>
    </ClCompile>
  </ItemGroup>
  <ItemGroup>
    <ClInclude Include="ICommand.h">
      <Filter>Controller\Commands</Filter>
    </ClInclude>
    <ClInclude Include="Scene.h">
      <Filter>Models\Scenes</Filter>
    </ClInclude>
    <ClInclude Include="Surface.h">
      <Filter>Other</Filter>
    </ClInclude>
    <ClInclude Include="Application.h">
      <Filter>App</Filter>
    </ClInclude>
    <ClInclude Include="GameObject.h">
      <Filter>Models\GameObjects</Filter>
    </ClInclude>
    <ClInclude Include="PlayGameScene.h">
      <Filter>Models\Scenes</Filter>
    </ClInclude>
    <ClInclude Include="GameBoard.h">
      <Filter>Models\GameBoard</Filter>
    </ClInclude>
    <ClInclude Include="Texture.h">
      <Filter>View\Texture</Filter>
    </ClInclude>
    <ClInclude Include="Paddle.h">
      <Filter>Models\GameObjects\Paddle</Filter>
    </ClInclude>
    <ClInclude Include="Ball.h">
      <Filter>Models\GameObjects\Ball</Filter>
    </ClInclude>
    <ClInclude Include="Publisher.h">
      <Filter>Publisher</Filter>
    </ClInclude>
    <ClInclude Include="Listener.h">
      <Filter>Listeners</Filter>
    </ClInclude>
    <ClInclude Include="PlayerController.h">
      <Filter>Controller\PlayerController</Filter>
    </ClInclude>
    <ClInclude Include="BallController.h">
      <Filter>Controller\BallController</Filter>
    </ClInclude>
    <ClInclude Include="Mediator.h">
      <Filter>Header Files</Filter>
    </ClInclude>
    <ClInclude Include="GameComponent.h">
      <Filter>Header Files</Filter>
    </ClInclude>
    <ClInclude Include="EnemyController.h">
      <Filter>Controller\EnemyController</Filter>
    </ClInclude>
    <ClInclude Include="ObjectBallBounced.h">
      <Filter>Enums</Filter>
    </ClInclude>
    <ClInclude Include="MoveDirection.h">
      <Filter>Enums</Filter>
    </ClInclude>
    <ClInclude Include="Collider.h">
      <Filter>Header Files</Filter>
    </ClInclude>
    <ClInclude Include="EventCatcher.h">
      <Filter>Models\EventPublisher</Filter>
    </ClInclude>
    <ClInclude Include="WindowController.h">
      <Filter>Controller\WindowController</Filter>
    </ClInclude>
    <ClInclude Include="Window.h">
      <Filter>Models\Window</Filter>
    </ClInclude>
    <ClInclude Include="PlaySceneController.h">
      <Filter>Controller\PlayGameController</Filter>
    </ClInclude>
    <ClInclude Include="Timer.h">
      <Filter>Timer</Filter>
    </ClInclude>
    <ClInclude Include="Config.h">
      <Filter>App</Filter>
    </ClInclude>
  </ItemGroup>
</Project>