<?xml version="1.0" encoding="utf-8"?>
<Project ToolsVersion="4.0" xmlns="http://schemas.microsoft.com/developer/msbuild/2003">
  <ItemGroup>
    <Filter Include="Source Files">
      <UniqueIdentifier>{4FC737F1-C7A5-4376-A066-2A32D752A2FF}</UniqueIdentifier>
      <Extensions>cpp;c;cc;cxx;c++;cppm;ixx;def;odl;idl;hpj;bat;asm;asmx</Extensions>
    </Filter>
    <Filter Include="Header Files">
      <UniqueIdentifier>{93995380-89BD-4b04-88EB-625FBE52EBFB}</UniqueIdentifier>
      <Extensions>h;hh;hpp;hxx;h++;hm;inl;inc;ipp;xsd</Extensions>
    </Filter>
    <Filter Include="Resource Files">
      <UniqueIdentifier>{67DA6AB6-F800-4c08-8B7A-83BB121AAD01}</UniqueIdentifier>
      <Extensions>rc;ico;cur;bmp;dlg;rc2;rct;bin;rgs;gif;jpg;jpeg;jpe;resx;tiff;tif;png;wav;mfcribbon-ms</Extensions>
    </Filter>
    <Filter Include="Model">
      <UniqueIdentifier>{961e1715-c59f-4875-a0ec-67d246e1ce32}</UniqueIdentifier>
    </Filter>
    <Filter Include="Model\GameEngine">
      <UniqueIdentifier>{f00c58c8-59eb-4aa7-bb61-6691d126f62c}</UniqueIdentifier>
    </Filter>
    <Filter Include="View">
      <UniqueIdentifier>{e1938de4-df47-4258-af43-52b1c75bde08}</UniqueIdentifier>
    </Filter>
    <Filter Include="Controller">
      <UniqueIdentifier>{28f5c0d8-341e-48c1-b1a8-2df308f5eebe}</UniqueIdentifier>
    </Filter>
    <Filter Include="View\Window">
      <UniqueIdentifier>{e81b6e2f-14cc-4a51-aab6-6b117f3eb08b}</UniqueIdentifier>
    </Filter>
    <Filter Include="Controller\Controller">
      <UniqueIdentifier>{719b8c27-25c0-4ad6-b5c7-30ab58f65808}</UniqueIdentifier>
    </Filter>
    <Filter Include="View\Window\WindowSize">
      <UniqueIdentifier>{c15f815b-df5c-4821-84ee-6cfee9211bf4}</UniqueIdentifier>
    </Filter>
    <Filter Include="Controller\Commands">
      <UniqueIdentifier>{72f1ee69-a839-4a26-a9aa-d377cac30c21}</UniqueIdentifier>
    </Filter>
    <Filter Include="Model\Scenes">
      <UniqueIdentifier>{3f1c1a66-2c3a-46aa-bfd0-4193f3752ed1}</UniqueIdentifier>
    </Filter>
    <Filter Include="Other">
      <UniqueIdentifier>{cebd686a-6489-4886-8bb0-f21bbb4745d6}</UniqueIdentifier>
    </Filter>
    <Filter Include="GameObjects">
      <UniqueIdentifier>{6106e6f9-d90b-4749-8689-4554f3d95fe8}</UniqueIdentifier>
    </Filter>
    <Filter Include="Model\GameBoard">
      <UniqueIdentifier>{81a593e5-3a9f-479a-a29e-b4394795dcc3}</UniqueIdentifier>
    </Filter>
    <Filter Include="View\Texture">
      <UniqueIdentifier>{fb75db20-021b-4dd8-ac89-64a70511ca64}</UniqueIdentifier>
    </Filter>
    <Filter Include="Model\Paddle">
      <UniqueIdentifier>{e620f2d8-8ef6-46c5-abc7-28cb24a327df}</UniqueIdentifier>
    </Filter>
    <Filter Include="Model\Paddle\Player">
      <UniqueIdentifier>{0e4d63eb-4be9-4e69-9fef-db6c2118af14}</UniqueIdentifier>
    </Filter>
    <Filter Include="Model\Paddle\Enemy">
      <UniqueIdentifier>{ff270d24-6e8d-4e64-aa05-5acaa9768609}</UniqueIdentifier>
    </Filter>
    <Filter Include="App">
      <UniqueIdentifier>{11bb8fa3-50ef-4d9b-b681-956fdd39983e}</UniqueIdentifier>
    </Filter>
    <Filter Include="Model\Ball">
      <UniqueIdentifier>{dcea6728-0b71-443b-be1d-e0e6741b71d6}</UniqueIdentifier>
    </Filter>
  </ItemGroup>
  <ItemGroup>
    <ClCompile Include="GameEngine.cpp">
      <Filter>Model\GameEngine</Filter>
    </ClCompile>
    <ClCompile Include="Controller.cpp">
      <Filter>Controller\Controller</Filter>
    </ClCompile>
    <ClCompile Include="View.cpp">
      <Filter>View</Filter>
    </ClCompile>
    <ClCompile Include="Window.cpp">
      <Filter>View\Window</Filter>
    </ClCompile>
    <ClCompile Include="WindowSize.cpp">
      <Filter>View\Window\WindowSize</Filter>
    </ClCompile>
    <ClCompile Include="Scene.cpp">
      <Filter>Model\Scenes</Filter>
    </ClCompile>
    <ClCompile Include="MainMenu.cpp">
      <Filter>Model\Scenes</Filter>
    </ClCompile>
    <ClCompile Include="Surface.cpp">
      <Filter>Other</Filter>
    </ClCompile>
    <ClCompile Include="Application.cpp">
      <Filter>App</Filter>
    </ClCompile>
    <ClCompile Include="TextureManager.cpp">
      <Filter>Other</Filter>
    </ClCompile>
    <ClCompile Include="GameObject.cpp">
      <Filter>GameObjects</Filter>
    </ClCompile>
    <ClCompile Include="PlayGameScene.cpp">
      <Filter>Model\Scenes</Filter>
    </ClCompile>
    <ClCompile Include="GameBoard.cpp">
      <Filter>Model\GameBoard</Filter>
    </ClCompile>
    <ClCompile Include="Player.cpp">
      <Filter>Model\Paddle\Player</Filter>
    </ClCompile>
    <ClCompile Include="Texture.cpp">
      <Filter>View\Texture</Filter>
    </ClCompile>
    <ClCompile Include="Paddle.cpp">
      <Filter>Model\Paddle</Filter>
    </ClCompile>
    <ClCompile Include="Enemy.cpp">
      <Filter>Model\Paddle\Enemy</Filter>
    </ClCompile>
    <ClCompile Include="main.cpp">
      <Filter>Source Files</Filter>
    </ClCompile>
    <ClCompile Include="Ball.cpp">
      <Filter>Model\Ball</Filter>
    </ClCompile>
  </ItemGroup>
  <ItemGroup>
    <ClInclude Include="GameEngine.h">
      <Filter>Model\GameEngine</Filter>
    </ClInclude>
    <ClInclude Include="Controller.h">
      <Filter>Controller\Controller</Filter>
    </ClInclude>
    <ClInclude Include="View.h">
      <Filter>View</Filter>
    </ClInclude>
    <ClInclude Include="Window.h">
      <Filter>View\Window</Filter>
    </ClInclude>
    <ClInclude Include="WindowSize.h">
      <Filter>View\Window\WindowSize</Filter>
    </ClInclude>
    <ClInclude Include="ICommand.h">
      <Filter>Controller\Commands</Filter>
    </ClInclude>
    <ClInclude Include="Scene.h">
      <Filter>Model\Scenes</Filter>
    </ClInclude>
    <ClInclude Include="MainMenu.h">
      <Filter>Model\Scenes</Filter>
    </ClInclude>
    <ClInclude Include="Surface.h">
      <Filter>Other</Filter>
    </ClInclude>
    <ClInclude Include="Application.h">
      <Filter>App</Filter>
    </ClInclude>
    <ClInclude Include="TextureManager.h">
      <Filter>Other</Filter>
    </ClInclude>
    <ClInclude Include="GameObject.h">
      <Filter>GameObjects</Filter>
    </ClInclude>
    <ClInclude Include="PlayGameScene.h">
      <Filter>Model\Scenes</Filter>
    </ClInclude>
    <ClInclude Include="GameBoard.h">
      <Filter>Model\GameBoard</Filter>
    </ClInclude>
    <ClInclude Include="Player.h">
      <Filter>Model\Paddle\Player</Filter>
    </ClInclude>
    <ClInclude Include="Texture.h">
      <Filter>View\Texture</Filter>
    </ClInclude>
    <ClInclude Include="Paddle.h">
      <Filter>Model\Paddle</Filter>
    </ClInclude>
    <ClInclude Include="MoveDirection.h">
      <Filter>Model</Filter>
    </ClInclude>
    <ClInclude Include="Enemy.h">
      <Filter>Model\Paddle\Enemy</Filter>
    </ClInclude>
    <ClInclude Include="Ball.h">
      <Filter>Model\Ball</Filter>
    </ClInclude>
  </ItemGroup>
</Project>